
Microsoft Visual Studio Solution File, Format Version 12.00
# Visual Studio 15
VisualStudioVersion = 15.0.27703.2047
MinimumVisualStudioVersion = 10.0.40219.1
Project("{FAE04EC0-301F-11D3-BF4B-00C04F79EFBC}") = "ConEmu.TasksEditor", "ConEmu.TasksEditor\ConEmu.TasksEditor.csproj", "{E68AAAF3-7CCD-402A-A004-3C90ADFDC220}"
EndProject
Global
	GlobalSection(SolutionConfigurationPlatforms) = preSolution
		Debug|Any CPU = Debug|Any CPU
		Release|Any CPU = Release|Any CPU
	EndGlobalSection
	GlobalSection(ProjectConfigurationPlatforms) = postSolution
		{E68AAAF3-7CCD-402A-A004-3C90ADFDC220}.Debug|Any CPU.ActiveCfg = Debug|Any CPU
		{E68AAAF3-7CCD-402A-A004-3C90ADFDC220}.Debug|Any CPU.Build.0 = Debug|Any CPU
		{E68AAAF3-7CCD-402A-A004-3C90ADFDC220}.Release|Any CPU.ActiveCfg = Release|Any CPU
		{E68AAAF3-7CCD-402A-A004-3C90ADFDC220}.Release|Any CPU.Build.0 = Release|Any CPU
	EndGlobalSection
	GlobalSection(SolutionProperties) = preSolution
		HideSolutionNode = FALSE
	EndGlobalSection
	GlobalSection(ExtensibilityGlobals) = postSolution
		SolutionGuid = {D2F35206-CF0C-4DB7-98FD-478E580AF6A7}
	EndGlobalSection
EndGlobal
